
Microsoft Visual Studio Solution File, Format Version 12.00
# Visual Studio 15
VisualStudioVersion = 15.0.27004.2005
MinimumVisualStudioVersion = 10.0.40219.1
Project("{FAE04EC0-301F-11D3-BF4B-00C04F79EFBC}") = "AoC_cs", "AoC_cs\AoC_cs.csproj", "{A5438794-233A-48FD-9425-9E61D37D4CEF}"
EndProject
Global
	GlobalSection(SolutionConfigurationPlatforms) = preSolution
		Debug|Any CPU = Debug|Any CPU
		Release|Any CPU = Release|Any CPU
	EndGlobalSection
	GlobalSection(ProjectConfigurationPlatforms) = postSolution
		{A5438794-233A-48FD-9425-9E61D37D4CEF}.Debug|Any CPU.ActiveCfg = Debug|Any CPU
		{A5438794-233A-48FD-9425-9E61D37D4CEF}.Debug|Any CPU.Build.0 = Debug|Any CPU
		{A5438794-233A-48FD-9425-9E61D37D4CEF}.Release|Any CPU.ActiveCfg = Release|Any CPU
		{A5438794-233A-48FD-9425-9E61D37D4CEF}.Release|Any CPU.Build.0 = Release|Any CPU
	EndGlobalSection
	GlobalSection(SolutionProperties) = preSolution
		HideSolutionNode = FALSE
	EndGlobalSection
	GlobalSection(ExtensibilityGlobals) = postSolution
		SolutionGuid = {2E9C2D1A-94EC-4FA5-ADD2-E4B276857CE5}
	EndGlobalSection
EndGlobal
